
Microsoft Visual Studio Solution File, Format Version 12.00
# Visual Studio Version 17
VisualStudioVersion = 17.2.32616.157
MinimumVisualStudioVersion = 10.0.40219.1
Project("{9A19103F-16F7-4668-BE54-9A1E7A4F7556}") = "FeedsAPI", "FeedsAPI\FeedsAPI.csproj", "{1F42B7E3-CD93-4E8D-BFFA-BAD5D48BC0FE}"
EndProject
Project("{FAE04EC0-301F-11D3-BF4B-00C04F79EFBC}") = "FinCERT-Client", "FinCERT-Client\FinCERT-Client.csproj", "{B3E02AAE-0EF0-4899-BD53-4CB9BCDDD372}"
EndProject
Global
	GlobalSection(SolutionConfigurationPlatforms) = preSolution
		Debug|Any CPU = Debug|Any CPU
		Release|Any CPU = Release|Any CPU
	EndGlobalSection
	GlobalSection(ProjectConfigurationPlatforms) = postSolution
		{1F42B7E3-CD93-4E8D-BFFA-BAD5D48BC0FE}.Debug|Any CPU.ActiveCfg = Debug|Any CPU
		{1F42B7E3-CD93-4E8D-BFFA-BAD5D48BC0FE}.Debug|Any CPU.Build.0 = Debug|Any CPU
		{1F42B7E3-CD93-4E8D-BFFA-BAD5D48BC0FE}.Release|Any CPU.ActiveCfg = Release|Any CPU
		{1F42B7E3-CD93-4E8D-BFFA-BAD5D48BC0FE}.Release|Any CPU.Build.0 = Release|Any CPU
		{B3E02AAE-0EF0-4899-BD53-4CB9BCDDD372}.Debug|Any CPU.ActiveCfg = Debug|Any CPU
		{B3E02AAE-0EF0-4899-BD53-4CB9BCDDD372}.Debug|Any CPU.Build.0 = Debug|Any CPU
		{B3E02AAE-0EF0-4899-BD53-4CB9BCDDD372}.Release|Any CPU.ActiveCfg = Release|Any CPU
		{B3E02AAE-0EF0-4899-BD53-4CB9BCDDD372}.Release|Any CPU.Build.0 = Release|Any CPU
	EndGlobalSection
	GlobalSection(SolutionProperties) = preSolution
		HideSolutionNode = FALSE
	EndGlobalSection
	GlobalSection(ExtensibilityGlobals) = postSolution
		SolutionGuid = {40196A28-4492-4B3C-AFAA-669567D2E459}
	EndGlobalSection
EndGlobal
